Microsoft Visual Studio Solution File, Format Version 12.00
# Visual Studio Version 16
VisualStudioVersion = 16.0.30330.147
MinimumVisualStudioVersion = 10.0.40219.1
Project("{9A19103F-16F7-4668-BE54-9A1E7A4F7556}") = "SRSpeedrunHelper", "SRSpeedrunHelper\SRSpeedrunHelper.csproj", "{1A9E562E-63B9-4992-842E-B98169F62F19}"
EndProject
Global
	GlobalSection(SolutionConfigurationPlatforms) = preSolution
		Release|Any CPU = Release|Any CPU
	EndGlobalSection
	GlobalSection(ProjectConfigurationPlatforms) = postSolution
		{1A9E562E-63B9-4992-842E-B98169F62F19}.Release|Any CPU.ActiveCfg = Release|Any CPU
		{1A9E562E-63B9-4992-842E-B98169F62F19}.Release|Any CPU.Build.0 = Release|Any CPU
	EndGlobalSection
	GlobalSection(SolutionProperties) = preSolution
		HideSolutionNode = FALSE
	EndGlobalSection
	GlobalSection(ExtensibilityGlobals) = postSolution
		SolutionGuid = {4fa412d4-bf1a-4e9b-aa66-0fd1af7bfc5d}
	EndGlobalSection
EndGlobal
